
Microsoft Visual Studio Solution File, Format Version 12.00
# Visual Studio Version 16
VisualStudioVersion = 16.0.30804.86
MinimumVisualStudioVersion = 10.0.40219.1
Project("{FAE04EC0-301F-11D3-BF4B-00C04F79EFBC}") = "CSNRecicla", "CSNRecicla\CSNRecicla.csproj", "{11FEB37F-D19C-43D2-9F03-89DB92970B32}"
EndProject
Global
	GlobalSection(SolutionConfigurationPlatforms) = preSolution
		Debug|Any CPU = Debug|Any CPU
		Release|Any CPU = Release|Any CPU
	EndGlobalSection
	GlobalSection(ProjectConfigurationPlatforms) = postSolution
		{11FEB37F-D19C-43D2-9F03-89DB92970B32}.Debug|Any CPU.ActiveCfg = Debug|Any CPU
		{11FEB37F-D19C-43D2-9F03-89DB92970B32}.Debug|Any CPU.Build.0 = Debug|Any CPU
		{11FEB37F-D19C-43D2-9F03-89DB92970B32}.Release|Any CPU.ActiveCfg = Release|Any CPU
		{11FEB37F-D19C-43D2-9F03-89DB92970B32}.Release|Any CPU.Build.0 = Release|Any CPU
	EndGlobalSection
	GlobalSection(SolutionProperties) = preSolution
		HideSolutionNode = FALSE
	EndGlobalSection
	GlobalSection(ExtensibilityGlobals) = postSolution
		SolutionGuid = {67DB3709-E614-4946-B0DB-6761D53EC904}
	EndGlobalSection
EndGlobal
